{
  "name": "constants-jsx",
  "version": "4.0.3",
  "lockfileVersion": 1,
  "requires": true,
  "dependencies": {
    "constants-js": {
      "version": "1.0.1",
      "resolved": "https://registry.npmjs.org/constants-js/-/constants-js-1.0.1.tgz",
      "integrity": "sha512-55nv1M/9BXqY2w83BPKa/uhsgyRBRdjrxlKtMrii2TMYs3PwSodkJgKJ6sDuqA+LLvCilJ+i+R0v1dGgQ9B/Pw==",
      "requires": {
        "constants-js": "^1.0.0"
      }
    }
  }
}
